abstract-logging:
 _latest: 2.0.0
 _:
  ^2.0.0: 2.0.0
 2.0.0:
  top: 1
  $: sha512-/oA9z7JszpIioo6J6dB79LVUgJ3eD3cxkAmdCkvWWS+Y9tPtALs1rLqOekLUXUbYqM2fB9TTK0ibAyZJJOP/CA==
  _: 'https://registry.npmjs.org/abstract-logging/-/abstract-logging-2.0.0.tgz'
atomic-sleep:
 _latest: 1.0.0
 _:
  ^1.0.0: 1.0.0
 1.0.0:
  $: sha512-kNOjDqAh7px0XWNI+4QbzoiR/nTkHAWNud2uvnJquD1/x5a7EQZMJT0AczqK0Qn67oY/TTQ1LbUKajZpp3I9tQ==
  _: 'https://registry.npmjs.org/atomic-sleep/-/atomic-sleep-1.0.0.tgz'
benchmark:
 _latest: 2.1.4
 _:
  ^2.1.4: 2.1.4
 2.1.4:
  top: 1
  $: sha1-CfPeMckWQl1JjMLuVloOvzwqVik=
  _: 'https://registry.npmjs.org/benchmark/-/benchmark-2.1.4.tgz'
  dependencies:
   lodash: ^4.17.4
   platform: ^1.3.3
fast-redact:
 _latest: 2.0.0
 _:
  ^2.0.0: 2.0.0
 2.0.0:
  $: sha512-zxpkULI9W9MNTK2sJ3BpPQrTEXFNESd2X6O1tXMFpK/XM0G5c5Rll2EVYZH2TqI3xRGK/VaJ+eEOt7pnENJpeA==
  _: 'https://registry.npmjs.org/fast-redact/-/fast-redact-2.0.0.tgz'
fast-safe-stringify:
 _latest: 2.0.7
 _:
  ^2.0.7: 2.0.7
 2.0.7:
  $: sha512-Utm6CdzT+6xsDk2m8S6uL8VHxNwI6Jub+e9NYTcAms28T84pTa25GJQV9j0CY0N1rM8hK4x6grpF2BQf+2qwVA==
  _: 'https://registry.npmjs.org/fast-safe-stringify/-/fast-safe-stringify-2.0.7.tgz'
flatstr:
 _latest: 1.0.12
 _:
  ^1.0.12: 1.0.12
 1.0.12:
  $: sha512-4zPxDyhCyiN2wIAtSLI6gc82/EjqZc1onI4Mz/l0pWrAlsSfYH/2ZIcU+e3oA2wDwbzIWNKwa23F8rh6+DRWkw==
  _: 'https://registry.npmjs.org/flatstr/-/flatstr-1.0.12.tgz'
lodash:
 _latest: 4.17.15
 _:
  '^4.17.15,^4.17.4': 4.17.15
 4.17.15:
  top: 1
  $: sha512-8xOcRHvCjnocdS5cpwXQXVzmmh5e5+saE2QGoeQmbKmRS6J3VQppPOIt0MnmE+4xlZoumy0GPG0D0MVIQbNA1A==
  _: 'https://registry.npmjs.org/lodash/-/lodash-4.17.15.tgz'
microtime:
 _latest: 3.0.0
 _:
  ^3.0.0: 3.0.0
 3.0.0:
  top: 1
  hasI: 1
  $: sha512-SirJr7ZL4ow2iWcb54bekS4aWyBQNVcEDBiwAz9D/sTgY59A+uE8UJU15cp5wyZmPBwg/3zf8lyCJ5NUe1nVlQ==
  _: 'https://registry.npmjs.org/microtime/-/microtime-3.0.0.tgz'
  dependencies:
   node-addon-api: ^1.2.0
   node-gyp-build: ^3.8.0
node-addon-api:
 _latest: 3.0.0
 _:
  ^1.2.0: 1.7.2
 1.7.2:
  $: sha512-ibPK3iA+vaY1eEjESkQkM0BbCqFOaZMiXRTtdB0u7b4djtY6JnsjvPdUHVMg6xQt3B8fpTTWHI9A+ADjM9frzg==
  _: 'https://registry.npmjs.org/node-addon-api/-/node-addon-api-1.7.2.tgz'
node-gyp-build:
 _latest: 4.2.2
 _:
  ^3.8.0: 3.9.0
 3.9.0:
  $: sha512-zLcTg6P4AbcHPq465ZMFNXx7XpKKJh+7kkN699NiQWisR2uWYOWNWqRHAmbnmKiL4e9aLSlmy5U7rEMUXV59+A==
  _: 'https://registry.npmjs.org/node-gyp-build/-/node-gyp-build-3.9.0.tgz'
pino:
 _latest: 6.3.2
 _:
  ^6.3.2: 6.3.2
 6.3.2:
  top: 1
  $: sha512-EiP3L1hoFw19KPocWimjnfXeysld0ne89ZRQ+bf8nAeA2TyuLoggNlibAi+Kla67GvQBopLdIZOsh1z/Lruo5Q==
  _: 'https://registry.npmjs.org/pino/-/pino-6.3.2.tgz'
  dependencies:
   fast-redact: ^2.0.0
   fast-safe-stringify: ^2.0.7
   flatstr: ^1.0.12
   pino-std-serializers: ^2.4.2
   quick-format-unescaped: ^4.0.1
   sonic-boom: ^1.0.0
pino-std-serializers:
 _latest: 2.4.2
 _:
  ^2.4.2: 2.4.2
 2.4.2:
  $: sha512-WaL504dO8eGs+vrK+j4BuQQq6GLKeCCcHaMB2ItygzVURcL1CycwNEUHTD/lHFHs/NL5qAz2UKrjYWXKSf4aMQ==
  _: 'https://registry.npmjs.org/pino-std-serializers/-/pino-std-serializers-2.4.2.tgz'
platform:
 _latest: 1.3.5
 _:
  ^1.3.3: 1.3.5
 1.3.5:
  $: sha512-TuvHS8AOIZNAlE77WUDiR4rySV/VMptyMfcfeoMgs4P8apaZM3JrnbzBiixKUv+XR6i+BXrQh8WAnjaSPFO65Q==
  _: 'https://registry.npmjs.org/platform/-/platform-1.3.5.tgz'
quick-format-unescaped:
 _latest: 4.0.1
 _:
  ^4.0.1: 4.0.1
 4.0.1:
  $: sha512-RyYpQ6Q5/drsJyOhrWHYMWTedvjTIat+FTwv0K4yoUxzvekw2aRHMQJLlnvt8UantkZg2++bEzD9EdxXqkWf4A==
  _: 'https://registry.npmjs.org/quick-format-unescaped/-/quick-format-unescaped-4.0.1.tgz'
sonic-boom:
 _latest: 1.0.1
 _:
  ^1.0.0: 1.0.1
 1.0.1:
  $: sha512-o9tx+bonVEXSaPtptyXQXpP8l6UV9Bi3im2geZskvWw2a/o/hrbWI7EBbbv+rOx6Hubnzun9GgH4WfbgEA3MFQ==
  _: 'https://registry.npmjs.org/sonic-boom/-/sonic-boom-1.0.1.tgz'
  dependencies:
   atomic-sleep: ^1.0.0
   flatstr: ^1.0.12
